Microsoft Visual Studio Solution File, Format Version 11.00
# Visual Studio 2008

Project("{96B0C333-3324-DE8E-3EDB-7028566E775B}") = "PerthSalomon", "Assembly-CSharp-vs.csproj", "{3266FF46-2F91-FF0B-3487-B1CA1FCFBBA8}"
EndProject
Global
	GlobalSection(SolutionConfigurationPlatforms) = preSolution
		Debug|Any CPU = Debug|Any CPU
		Release|Any CPU = Release|Any CPU
	EndGlobalSection
	GlobalSection(ProjectConfigurationPlatforms) = postSolution
		{3266FF46-2F91-FF0B-3487-B1CA1FCFBBA8}.Debug|Any CPU.ActiveCfg = Debug|Any CPU
		{3266FF46-2F91-FF0B-3487-B1CA1FCFBBA8}.Debug|Any CPU.Build.0 = Debug|Any CPU
		{3266FF46-2F91-FF0B-3487-B1CA1FCFBBA8}.Release|Any CPU.ActiveCfg = Release|Any CPU
		{3266FF46-2F91-FF0B-3487-B1CA1FCFBBA8}.Release|Any CPU.Build.0 = Release|Any CPU
	EndGlobalSection
	GlobalSection(SolutionProperties) = preSolution
		HideSolutionNode = FALSE
	EndGlobalSection
																																																																																																																								GlobalSection(MonoDevelopProperties) = preSolution
=======
<<<<<<< HEAD
																																																																															GlobalSection(MonoDevelopProperties) = preSolution
=======
																																																																										GlobalSection(MonoDevelopProperties) = preSolution
>>>>>>> aa1d5834aae7c1d51e230513c3fe06572daae26c
>>>>>>> 1ba22d3d5d91418fc229fc98589e4f425fe5989b
		StartupItem = Assembly-CSharp.csproj
		Policies = $0
		$0.TextStylePolicy = $1
		$1.inheritsSet = null
		$1.scope = text/x-csharp
		$0.CSharpFormattingPolicy = $2
		$2.inheritsSet = Mono
		$2.inheritsScope = text/x-csharp
		$2.scope = text/x-csharp
		$0.TextStylePolicy = $3
		$3.FileWidth = 120
		$3.TabWidth = 4
		$3.EolMarker = Unix
		$3.inheritsSet = Mono
		$3.inheritsScope = text/plain
		$3.scope = text/plain
	EndGlobalSection

EndGlobal
